// !$*UTF8*$!
{
	archiveVersion = 1;
	classes = {
	};
	objectVersion = 77;
	objects = {

/* Begin PBXBuildFile section */
		09F7AC7AA8EC74B665C4ED4A /* ModifierTapDetectorTests.swift in Sources */ = {isa = PBXBuildFile; fileRef = A7235A9DFBB4898313A39A6B /* ModifierTapDetectorTests.swift */; };
		29292B52FBD344AD94C57A8D /* KeyNameMapper.swift in Sources */ = {isa = PBXBuildFile; fileRef = 7E2743A330836A618C16FC64 /* KeyNameMapper.swift */; };
		4B8AC2AD4C5644707338A060 /* CaptureViewModel.swift in Sources */ = {isa = PBXBuildFile; fileRef = 6120C50A0E20C1B9D29BE88A /* CaptureViewModel.swift */; };
		50867CD662E842AAC2DEAD8F /* ModifierTapDetector.swift in Sources */ = {isa = PBXBuildFile; fileRef = A4C81949F8101E80E71A90A6 /* ModifierTapDetector.swift */; };
		59EA2B35747C2DF47F542BFF /* ClipboardExporterTests.swift in Sources */ = {isa = PBXBuildFile; fileRef = E2F7BB9D96F61FA45ED87802 /* ClipboardExporterTests.swift */; };
		5B6503B1C82160BE735E1E60 /* ClipboardExporter.swift in Sources */ = {isa = PBXBuildFile; fileRef = 5C8CD6BE953A7757EA9E54EC /* ClipboardExporter.swift */; };
		6B72238B54FCE614905399C3 /* EventTapService.swift in Sources */ = {isa = PBXBuildFile; fileRef = 19F883F560824F52E85FAD3B /* EventTapService.swift */; };
		89D597F5D67FB69EF83C122E /* PermissionPanel.swift in Sources */ = {isa = PBXBuildFile; fileRef = C32F83ADBE71E2BC3359F050 /* PermissionPanel.swift */; };
		8AEF90F056712C3DD1C114C7 /* CaptureViewModelTests.swift in Sources */ = {isa = PBXBuildFile; fileRef = 975F1592A8CEF025FEE23178 /* CaptureViewModelTests.swift */; };
		A2B93FD5BA5356AAEC8342DE /* CanaryTests.swift in Sources */ = {isa = PBXBuildFile; fileRef = DD907CBED9EA0D1411F5158B /* CanaryTests.swift */; };
		B61E46822228323FF1ED3B49 /* InputEvent.swift in Sources */ = {isa = PBXBuildFile; fileRef = 15971B33023B3F774A42A441 /* InputEvent.swift */; };
		C6E6519010882DC0448A38D4 /* KeyNameMapperTests.swift in Sources */ = {isa = PBXBuildFile; fileRef = E236A788A3B767F121028F2B /* KeyNameMapperTests.swift */; };
		CF9256EE2F820FEEC05174BD /* DownKeyCounterApp.swift in Sources */ = {isa = PBXBuildFile; fileRef = EEBF1458DCED11EAFF7A17BF /* DownKeyCounterApp.swift */; };
		D1C3FA0AF60BE6D6FB9F5270 /* ContentView.swift in Sources */ = {isa = PBXBuildFile; fileRef = F56327E5CE0BF3B909CF3912 /* ContentView.swift */; };
		D68762A134ADA99A829B8983 /* EventTable.swift in Sources */ = {isa = PBXBuildFile; fileRef = 546F2B37D633484141787D8D /* EventTable.swift */; };
		EC2AF7CAA8D33F348E272B8D /* ControlsToolbar.swift in Sources */ = {isa = PBXBuildFile; fileRef = 7FD3C1D3FDE5C567E86B56E4 /* ControlsToolbar.swift */; };
/* End PBXBuildFile section */

/* Begin PBXContainerItemProxy section */
		5018ED3394801C65C24E31F7 /* PBXContainerItemProxy */ = {
			isa = PBXContainerItemProxy;
			containerPortal = F41F8B81FE595ED522C94544 /* Project object */;
			proxyType = 1;
			remoteGlobalIDString = E3FE3CC445A075D6FF9E2642;
			remoteInfo = DownKeyCounter;
		};
/* End PBXContainerItemProxy section */

/* Begin PBXFileReference section */
		0E0804BD1B9C84915B6FE19C /* DownKeyCounter.app */ = {isa = PBXFileReference; explicitFileType = wrapper.application; includeInIndex = 0; path = DownKeyCounter.app; sourceTree = BUILT_PRODUCTS_DIR; };
		15971B33023B3F774A42A441 /* InputEvent.swift */ = {isa = PBXFileReference; lastKnownFileType = sourcecode.swift; path = InputEvent.swift; sourceTree = "<group>"; };
		1991EBEC5FE882FD1754AE1E /* DownKeyCounter.entitlements */ = {isa = PBXFileReference; lastKnownFileType = text.plist.entitlements; path = DownKeyCounter.entitlements; sourceTree = "<group>"; };
		19F883F560824F52E85FAD3B /* EventTapService.swift */ = {isa = PBXFileReference; lastKnownFileType = sourcecode.swift; path = EventTapService.swift; sourceTree = "<group>"; };
		546F2B37D633484141787D8D /* EventTable.swift */ = {isa = PBXFileReference; lastKnownFileType = sourcecode.swift; path = EventTable.swift; sourceTree = "<group>"; };
		5C8CD6BE953A7757EA9E54EC /* ClipboardExporter.swift */ = {isa = PBXFileReference; lastKnownFileType = sourcecode.swift; path = ClipboardExporter.swift; sourceTree = "<group>"; };
		6120C50A0E20C1B9D29BE88A /* CaptureViewModel.swift */ = {isa = PBXFileReference; lastKnownFileType = sourcecode.swift; path = CaptureViewModel.swift; sourceTree = "<group>"; };
		6E6AB7E0C9CAEB5EDC15FF14 /* DownKeyCounterTests.xctest */ = {isa = PBXFileReference; explicitFileType = wrapper.cfbundle; includeInIndex = 0; path = DownKeyCounterTests.xctest; sourceTree = BUILT_PRODUCTS_DIR; };
		7E2743A330836A618C16FC64 /* KeyNameMapper.swift */ = {isa = PBXFileReference; lastKnownFileType = sourcecode.swift; path = KeyNameMapper.swift; sourceTree = "<group>"; };
		7FD3C1D3FDE5C567E86B56E4 /* ControlsToolbar.swift */ = {isa = PBXFileReference; lastKnownFileType = sourcecode.swift; path = ControlsToolbar.swift; sourceTree = "<group>"; };
		975F1592A8CEF025FEE23178 /* CaptureViewModelTests.swift */ = {isa = PBXFileReference; lastKnownFileType = sourcecode.swift; path = CaptureViewModelTests.swift; sourceTree = "<group>"; };
		A4C81949F8101E80E71A90A6 /* ModifierTapDetector.swift */ = {isa = PBXFileReference; lastKnownFileType = sourcecode.swift; path = ModifierTapDetector.swift; sourceTree = "<group>"; };
		A7235A9DFBB4898313A39A6B /* ModifierTapDetectorTests.swift */ = {isa = PBXFileReference; lastKnownFileType = sourcecode.swift; path = ModifierTapDetectorTests.swift; sourceTree = "<group>"; };
		C32F83ADBE71E2BC3359F050 /* PermissionPanel.swift */ = {isa = PBXFileReference; lastKnownFileType = sourcecode.swift; path = PermissionPanel.swift; sourceTree = "<group>"; };
		DD907CBED9EA0D1411F5158B /* CanaryTests.swift */ = {isa = PBXFileReference; lastKnownFileType = sourcecode.swift; path = CanaryTests.swift; sourceTree = "<group>"; };
		E236A788A3B767F121028F2B /* KeyNameMapperTests.swift */ = {isa = PBXFileReference; lastKnownFileType = sourcecode.swift; path = KeyNameMapperTests.swift; sourceTree = "<group>"; };
		E2F7BB9D96F61FA45ED87802 /* ClipboardExporterTests.swift */ = {isa = PBXFileReference; lastKnownFileType = sourcecode.swift; path = ClipboardExporterTests.swift; sourceTree = "<group>"; };
		EEBF1458DCED11EAFF7A17BF /* DownKeyCounterApp.swift */ = {isa = PBXFileReference; lastKnownFileType = sourcecode.swift; path = DownKeyCounterApp.swift; sourceTree = "<group>"; };
		F56327E5CE0BF3B909CF3912 /* ContentView.swift */ = {isa = PBXFileReference; lastKnownFileType = sourcecode.swift; path = ContentView.swift; sourceTree = "<group>"; };
/* End PBXFileReference section */

/* Begin PBXGroup section */
		0A427DD0ABCC7DEA6BDF11AD = {
			isa = PBXGroup;
			children = (
				E775DB963B8FA01AD3A9176E /* DownKeyCounter */,
				AFE2C5BB76A92BBEC795D2A0 /* DownKeyCounterTests */,
				F78630096473476E8C094685 /* Products */,
			);
			sourceTree = "<group>";
		};
		53A5162EE692937D9A44EC50 /* Services */ = {
			isa = PBXGroup;
			children = (
				5C8CD6BE953A7757EA9E54EC /* ClipboardExporter.swift */,
				19F883F560824F52E85FAD3B /* EventTapService.swift */,
				7E2743A330836A618C16FC64 /* KeyNameMapper.swift */,
				A4C81949F8101E80E71A90A6 /* ModifierTapDetector.swift */,
			);
			path = Services;
			sourceTree = "<group>";
		};
		82FB4ECB656D285850A11F40 /* ViewModels */ = {
			isa = PBXGroup;
			children = (
				6120C50A0E20C1B9D29BE88A /* CaptureViewModel.swift */,
			);
			path = ViewModels;
			sourceTree = "<group>";
		};
		9C2D07C9211DA4784956A5AE /* Models */ = {
			isa = PBXGroup;
			children = (
				15971B33023B3F774A42A441 /* InputEvent.swift */,
			);
			path = Models;
			sourceTree = "<group>";
		};
		AFE2C5BB76A92BBEC795D2A0 /* DownKeyCounterTests */ = {
			isa = PBXGroup;
			children = (
				DD907CBED9EA0D1411F5158B /* CanaryTests.swift */,
				975F1592A8CEF025FEE23178 /* CaptureViewModelTests.swift */,
				E2F7BB9D96F61FA45ED87802 /* ClipboardExporterTests.swift */,
				E236A788A3B767F121028F2B /* KeyNameMapperTests.swift */,
				A7235A9DFBB4898313A39A6B /* ModifierTapDetectorTests.swift */,
			);
			path = DownKeyCounterTests;
			sourceTree = "<group>";
		};
		E775DB963B8FA01AD3A9176E /* DownKeyCounter */ = {
			isa = PBXGroup;
			children = (
				9C2D07C9211DA4784956A5AE /* Models */,
				53A5162EE692937D9A44EC50 /* Services */,
				82FB4ECB656D285850A11F40 /* ViewModels */,
				F307AC78F4A56201700CC941 /* Views */,
				1991EBEC5FE882FD1754AE1E /* DownKeyCounter.entitlements */,
				EEBF1458DCED11EAFF7A17BF /* DownKeyCounterApp.swift */,
			);
			path = DownKeyCounter;
			sourceTree = "<group>";
		};
		F307AC78F4A56201700CC941 /* Views */ = {
			isa = PBXGroup;
			children = (
				F56327E5CE0BF3B909CF3912 /* ContentView.swift */,
				7FD3C1D3FDE5C567E86B56E4 /* ControlsToolbar.swift */,
				546F2B37D633484141787D8D /* EventTable.swift */,
				C32F83ADBE71E2BC3359F050 /* PermissionPanel.swift */,
			);
			path = Views;
			sourceTree = "<group>";
		};
		F78630096473476E8C094685 /* Products */ = {
			isa = PBXGroup;
			children = (
				0E0804BD1B9C84915B6FE19C /* DownKeyCounter.app */,
				6E6AB7E0C9CAEB5EDC15FF14 /* DownKeyCounterTests.xctest */,
			);
			name = Products;
			sourceTree = "<group>";
		};
/* End PBXGroup section */

/* Begin PBXNativeTarget section */
		DA9902964F1F076535F58313 /* DownKeyCounterTests */ = {
			isa = PBXNativeTarget;
			buildConfigurationList = C078A91A3AB4E0B6B0AE8E2B /* Build configuration list for PBXNativeTarget "DownKeyCounterTests" */;
			buildPhases = (
				49EF30861A20FFFF7E2BB932 /* Sources */,
			);
			buildRules = (
			);
			dependencies = (
				B4C97545307AEAFC212F16FB /* PBXTargetDependency */,
			);
			name = DownKeyCounterTests;
			packageProductDependencies = (
			);
			productName = DownKeyCounterTests;
			productReference = 6E6AB7E0C9CAEB5EDC15FF14 /* DownKeyCounterTests.xctest */;
			productType = "com.apple.product-type.bundle.unit-test";
		};
		E3FE3CC445A075D6FF9E2642 /* DownKeyCounter */ = {
			isa = PBXNativeTarget;
			buildConfigurationList = 0847CF6A84E39ED059468704 /* Build configuration list for PBXNativeTarget "DownKeyCounter" */;
			buildPhases = (
				5F2DFCBE0303D324D33A458B /* Sources */,
			);
			buildRules = (
			);
			dependencies = (
			);
			name = DownKeyCounter;
			packageProductDependencies = (
			);
			productName = DownKeyCounter;
			productReference = 0E0804BD1B9C84915B6FE19C /* DownKeyCounter.app */;
			productType = "com.apple.product-type.application";
		};
/* End PBXNativeTarget section */

/* Begin PBXProject section */
		F41F8B81FE595ED522C94544 /* Project object */ = {
			isa = PBXProject;
			attributes = {
				BuildIndependentTargetsInParallel = YES;
				LastUpgradeCheck = 1430;
				TargetAttributes = {
					DA9902964F1F076535F58313 = {
						DevelopmentTeam = FDMSRXXN73;
						ProvisioningStyle = Automatic;
					};
					E3FE3CC445A075D6FF9E2642 = {
						DevelopmentTeam = FDMSRXXN73;
						ProvisioningStyle = Automatic;
					};
				};
			};
			buildConfigurationList = 05230C21F7CE529265FEAAAB /* Build configuration list for PBXProject "DownKeyCounter" */;
			developmentRegion = en;
			hasScannedForEncodings = 0;
			knownRegions = (
				Base,
				en,
			);
			mainGroup = 0A427DD0ABCC7DEA6BDF11AD;
			minimizedProjectReferenceProxies = 1;
			preferredProjectObjectVersion = 77;
			productRefGroup = F78630096473476E8C094685 /* Products */;
			projectDirPath = "";
			projectRoot = "";
			targets = (
				E3FE3CC445A075D6FF9E2642 /* DownKeyCounter */,
				DA9902964F1F076535F58313 /* DownKeyCounterTests */,
			);
		};
/* End PBXProject section */

/* Begin PBXSourcesBuildPhase section */
		49EF30861A20FFFF7E2BB932 /* Sources */ = {
			isa = PBXSourcesBuildPhase;
			buildActionMask = 2147483647;
			files = (
				A2B93FD5BA5356AAEC8342DE /* CanaryTests.swift in Sources */,
				8AEF90F056712C3DD1C114C7 /* CaptureViewModelTests.swift in Sources */,
				59EA2B35747C2DF47F542BFF /* ClipboardExporterTests.swift in Sources */,
				C6E6519010882DC0448A38D4 /* KeyNameMapperTests.swift in Sources */,
				09F7AC7AA8EC74B665C4ED4A /* ModifierTapDetectorTests.swift in Sources */,
			);
			runOnlyForDeploymentPostprocessing = 0;
		};
		5F2DFCBE0303D324D33A458B /* Sources */ = {
			isa = PBXSourcesBuildPhase;
			buildActionMask = 2147483647;
			files = (
				4B8AC2AD4C5644707338A060 /* CaptureViewModel.swift in Sources */,
				5B6503B1C82160BE735E1E60 /* ClipboardExporter.swift in Sources */,
				D1C3FA0AF60BE6D6FB9F5270 /* ContentView.swift in Sources */,
				EC2AF7CAA8D33F348E272B8D /* ControlsToolbar.swift in Sources */,
				CF9256EE2F820FEEC05174BD /* DownKeyCounterApp.swift in Sources */,
				D68762A134ADA99A829B8983 /* EventTable.swift in Sources */,
				6B72238B54FCE614905399C3 /* EventTapService.swift in Sources */,
				B61E46822228323FF1ED3B49 /* InputEvent.swift in Sources */,
				29292B52FBD344AD94C57A8D /* KeyNameMapper.swift in Sources */,
				50867CD662E842AAC2DEAD8F /* ModifierTapDetector.swift in Sources */,
				89D597F5D67FB69EF83C122E /* PermissionPanel.swift in Sources */,
			);
			runOnlyForDeploymentPostprocessing = 0;
		};
/* End PBXSourcesBuildPhase section */

/* Begin PBXTargetDependency section */
		B4C97545307AEAFC212F16FB /* PBXTargetDependency */ = {
			isa = PBXTargetDependency;
			target = E3FE3CC445A075D6FF9E2642 /* DownKeyCounter */;
			targetProxy = 5018ED3394801C65C24E31F7 /* PBXContainerItemProxy */;
		};
/* End PBXTargetDependency section */

/* Begin XCBuildConfiguration section */
		06F8ACE79BEFEAABA3A0853D /* Release */ = {
			isa = XCBuildConfiguration;
			buildSettings = {
				ALWAYS_SEARCH_USER_PATHS = NO;
				CLANG_ANALYZER_NONNULL = YES;
				CLANG_ANALYZER_NUMBER_OBJECT_CONVERSION = YES_AGGRESSIVE;
				CLANG_CXX_LANGUAGE_STANDARD = "gnu++14";
				CLANG_CXX_LIBRARY = "libc++";
				CLANG_ENABLE_MODULES = YES;
				CLANG_ENABLE_OBJC_ARC = YES;
				CLANG_ENABLE_OBJC_WEAK = YES;
				CLANG_WARN_BLOCK_CAPTURE_AUTORELEASING = YES;
				CLANG_WARN_BOOL_CONVERSION = YES;
				CLANG_WARN_COMMA = YES;
				CLANG_WARN_CONSTANT_CONVERSION = YES;
				CLANG_WARN_DEPRECATED_OBJC_IMPLEMENTATIONS = YES;
				CLANG_WARN_DIRECT_OBJC_ISA_USAGE = YES_ERROR;
				CLANG_WARN_DOCUMENTATION_COMMENTS = YES;
				CLANG_WARN_EMPTY_BODY = YES;
				CLANG_WARN_ENUM_CONVERSION = YES;
				CLANG_WARN_INFINITE_RECURSION = YES;
				CLANG_WARN_INT_CONVERSION = YES;
				CLANG_WARN_NON_LITERAL_NULL_CONVERSION = YES;
				CLANG_WARN_OBJC_IMPLICIT_RETAIN_SELF = YES;
				CLANG_WARN_OBJC_LITERAL_CONVERSION = YES;
				CLANG_WARN_OBJC_ROOT_CLASS = YES_ERROR;
				CLANG_WARN_QUOTED_INCLUDE_IN_FRAMEWORK_HEADER = NO;
				CLANG_WARN_RANGE_LOOP_ANALYSIS = YES;
				CLANG_WARN_STRICT_PROTOTYPES = YES;
				CLANG_WARN_SUSPICIOUS_MOVE = YES;
				CLANG_WARN_UNGUARDED_AVAILABILITY = YES_AGGRESSIVE;
				CLANG_WARN_UNREACHABLE_CODE = YES;
				CLANG_WARN__DUPLICATE_METHOD_MATCH = YES;
				CODE_SIGN_STYLE = Automatic;
				COPY_PHASE_STRIP = NO;
				DEBUG_INFORMATION_FORMAT = "dwarf-with-dsym";
				DEVELOPMENT_TEAM = FDMSRXXN73;
				ENABLE_HARDENED_RUNTIME = YES;
				ENABLE_NS_ASSERTIONS = NO;
				ENABLE_STRICT_OBJC_MSGSEND = YES;
				GCC_C_LANGUAGE_STANDARD = gnu11;
				GCC_NO_COMMON_BLOCKS = YES;
				GCC_WARN_64_TO_32_BIT_CONVERSION = YES;
				GCC_WARN_ABOUT_RETURN_TYPE = YES_ERROR;
				GCC_WARN_UNDECLARED_SELECTOR = YES;
				GCC_WARN_UNINITIALIZED_AUTOS = YES_AGGRESSIVE;
				GCC_WARN_UNUSED_FUNCTION = YES;
				GCC_WARN_UNUSED_VARIABLE = YES;
				GENERATE_INFOPLIST_FILE = YES;
				MACOSX_DEPLOYMENT_TARGET = 15.0;
				MTL_ENABLE_DEBUG_INFO = NO;
				MTL_FAST_MATH = YES;
				PRODUCT_NAME = "$(TARGET_NAME)";
				SDKROOT = macosx;
				SWIFT_COMPILATION_MODE = wholemodule;
				SWIFT_OPTIMIZATION_LEVEL = "-O";
				SWIFT_STRICT_CONCURRENCY = complete;
				SWIFT_TREAT_WARNINGS_AS_ERRORS = NO;
				SWIFT_VERSION = 6.0;
			};
			name = Release;
		};
		780EEF88B79412A9A8542B8E /* Release */ = {
			isa = XCBuildConfiguration;
			buildSettings = {
				BUNDLE_LOADER = "$(TEST_HOST)";
				COMBINE_HIDPI_IMAGES = YES;
				LD_RUNPATH_SEARCH_PATHS = (
					"$(inherited)",
					"@executable_path/../Frameworks",
					"@loader_path/../Frameworks",
				);
				PRODUCT_BUNDLE_IDENTIFIER = dev.gmkonsortium.DownKeyCounterTests;
				SDKROOT = macosx;
				TEST_HOST = "$(BUILT_PRODUCTS_DIR)/DownKeyCounter.app/Contents/MacOS/DownKeyCounter";
			};
			name = Release;
		};
		7904A6672170284C54B7D9CA /* Debug */ = {
			isa = XCBuildConfiguration;
			buildSettings = {
				ALWAYS_SEARCH_USER_PATHS = NO;
				CLANG_ANALYZER_NONNULL = YES;
				CLANG_ANALYZER_NUMBER_OBJECT_CONVERSION = YES_AGGRESSIVE;
				CLANG_CXX_LANGUAGE_STANDARD = "gnu++14";
				CLANG_CXX_LIBRARY = "libc++";
				CLANG_ENABLE_MODULES = YES;
				CLANG_ENABLE_OBJC_ARC = YES;
				CLANG_ENABLE_OBJC_WEAK = YES;
				CLANG_WARN_BLOCK_CAPTURE_AUTORELEASING = YES;
				CLANG_WARN_BOOL_CONVERSION = YES;
				CLANG_WARN_COMMA = YES;
				CLANG_WARN_CONSTANT_CONVERSION = YES;
				CLANG_WARN_DEPRECATED_OBJC_IMPLEMENTATIONS = YES;
				CLANG_WARN_DIRECT_OBJC_ISA_USAGE = YES_ERROR;
				CLANG_WARN_DOCUMENTATION_COMMENTS = YES;
				CLANG_WARN_EMPTY_BODY = YES;
				CLANG_WARN_ENUM_CONVERSION = YES;
				CLANG_WARN_INFINITE_RECURSION = YES;
				CLANG_WARN_INT_CONVERSION = YES;
				CLANG_WARN_NON_LITERAL_NULL_CONVERSION = YES;
				CLANG_WARN_OBJC_IMPLICIT_RETAIN_SELF = YES;
				CLANG_WARN_OBJC_LITERAL_CONVERSION = YES;
				CLANG_WARN_OBJC_ROOT_CLASS = YES_ERROR;
				CLANG_WARN_QUOTED_INCLUDE_IN_FRAMEWORK_HEADER = NO;
				CLANG_WARN_RANGE_LOOP_ANALYSIS = YES;
				CLANG_WARN_STRICT_PROTOTYPES = YES;
				CLANG_WARN_SUSPICIOUS_MOVE = YES;
				CLANG_WARN_UNGUARDED_AVAILABILITY = YES_AGGRESSIVE;
				CLANG_WARN_UNREACHABLE_CODE = YES;
				CLANG_WARN__DUPLICATE_METHOD_MATCH = YES;
				CODE_SIGN_STYLE = Automatic;
				COPY_PHASE_STRIP = NO;
				DEBUG_INFORMATION_FORMAT = dwarf;
				DEVELOPMENT_TEAM = FDMSRXXN73;
				ENABLE_HARDENED_RUNTIME = YES;
				ENABLE_STRICT_OBJC_MSGSEND = YES;
				ENABLE_TESTABILITY = YES;
				GCC_C_LANGUAGE_STANDARD = gnu11;
				GCC_DYNAMIC_NO_PIC = NO;
				GCC_NO_COMMON_BLOCKS = YES;
				GCC_OPTIMIZATION_LEVEL = 0;
				GCC_PREPROCESSOR_DEFINITIONS = (
					"$(inherited)",
					"DEBUG=1",
				);
				GCC_WARN_64_TO_32_BIT_CONVERSION = YES;
				GCC_WARN_ABOUT_RETURN_TYPE = YES_ERROR;
				GCC_WARN_UNDECLARED_SELECTOR = YES;
				GCC_WARN_UNINITIALIZED_AUTOS = YES_AGGRESSIVE;
				GCC_WARN_UNUSED_FUNCTION = YES;
				GCC_WARN_UNUSED_VARIABLE = YES;
				GENERATE_INFOPLIST_FILE = YES;
				MACOSX_DEPLOYMENT_TARGET = 15.0;
				MTL_ENABLE_DEBUG_INFO = INCLUDE_SOURCE;
				MTL_FAST_MATH = YES;
				ONLY_ACTIVE_ARCH = YES;
				PRODUCT_NAME = "$(TARGET_NAME)";
				SDKROOT = macosx;
				SWIFT_ACTIVE_COMPILATION_CONDITIONS = DEBUG;
				SWIFT_OPTIMIZATION_LEVEL = "-Onone";
				SWIFT_STRICT_CONCURRENCY = complete;
				SWIFT_TREAT_WARNINGS_AS_ERRORS = NO;
				SWIFT_VERSION = 6.0;
			};
			name = Debug;
		};
		99C8C931E6326AA7E8F3E225 /* Debug */ = {
			isa = XCBuildConfiguration;
			buildSettings = {
				ASSETCATALOG_COMPILER_APPICON_NAME = AppIcon;
				CODE_SIGN_ENTITLEMENTS = DownKeyCounter/DownKeyCounter.entitlements;
				COMBINE_HIDPI_IMAGES = YES;
				INFOPLIST_KEY_CFBundleDisplayName = DownKeyCounter;
				INFOPLIST_KEY_LSApplicationCategoryType = "public.app-category.utilities";
				INFOPLIST_KEY_NSHumanReadableCopyright = "Copyright © 2026";
				LD_RUNPATH_SEARCH_PATHS = (
					"$(inherited)",
					"@executable_path/../Frameworks",
				);
				PRODUCT_BUNDLE_IDENTIFIER = dev.gmkonsortium.DownKeyCounter;
				PRODUCT_NAME = DownKeyCounter;
				SDKROOT = macosx;
			};
			name = Debug;
		};
		9D1943CC47B76BEBB78C4141 /* Debug */ = {
			isa = XCBuildConfiguration;
			buildSettings = {
				BUNDLE_LOADER = "$(TEST_HOST)";
				COMBINE_HIDPI_IMAGES = YES;
				LD_RUNPATH_SEARCH_PATHS = (
					"$(inherited)",
					"@executable_path/../Frameworks",
					"@loader_path/../Frameworks",
				);
				PRODUCT_BUNDLE_IDENTIFIER = dev.gmkonsortium.DownKeyCounterTests;
				SDKROOT = macosx;
				TEST_HOST = "$(BUILT_PRODUCTS_DIR)/DownKeyCounter.app/Contents/MacOS/DownKeyCounter";
			};
			name = Debug;
		};
		BDF74306470BDC0A3A527524 /* Release */ = {
			isa = XCBuildConfiguration;
			buildSettings = {
				ASSETCATALOG_COMPILER_APPICON_NAME = AppIcon;
				CODE_SIGN_ENTITLEMENTS = DownKeyCounter/DownKeyCounter.entitlements;
				COMBINE_HIDPI_IMAGES = YES;
				INFOPLIST_KEY_CFBundleDisplayName = DownKeyCounter;
				INFOPLIST_KEY_LSApplicationCategoryType = "public.app-category.utilities";
				INFOPLIST_KEY_NSHumanReadableCopyright = "Copyright © 2026";
				LD_RUNPATH_SEARCH_PATHS = (
					"$(inherited)",
					"@executable_path/../Frameworks",
				);
				PRODUCT_BUNDLE_IDENTIFIER = dev.gmkonsortium.DownKeyCounter;
				PRODUCT_NAME = DownKeyCounter;
				SDKROOT = macosx;
			};
			name = Release;
		};
/* End XCBuildConfiguration section */

/* Begin XCConfigurationList section */
		05230C21F7CE529265FEAAAB /* Build configuration list for PBXProject "DownKeyCounter" */ = {
			isa = XCConfigurationList;
			buildConfigurations = (
				7904A6672170284C54B7D9CA /* Debug */,
				06F8ACE79BEFEAABA3A0853D /* Release */,
			);
			defaultConfigurationIsVisible = 0;
			defaultConfigurationName = Debug;
		};
		0847CF6A84E39ED059468704 /* Build configuration list for PBXNativeTarget "DownKeyCounter" */ = {
			isa = XCConfigurationList;
			buildConfigurations = (
				99C8C931E6326AA7E8F3E225 /* Debug */,
				BDF74306470BDC0A3A527524 /* Release */,
			);
			defaultConfigurationIsVisible = 0;
			defaultConfigurationName = Debug;
		};
		C078A91A3AB4E0B6B0AE8E2B /* Build configuration list for PBXNativeTarget "DownKeyCounterTests" */ = {
			isa = XCConfigurationList;
			buildConfigurations = (
				9D1943CC47B76BEBB78C4141 /* Debug */,
				780EEF88B79412A9A8542B8E /* Release */,
			);
			defaultConfigurationIsVisible = 0;
			defaultConfigurationName = Debug;
		};
/* End XCConfigurationList section */
	};
	rootObject = F41F8B81FE595ED522C94544 /* Project object */;
}
